
Microsoft Visual Studio Solution File, Format Version 11.00
# Visual Studio 2010
Project("{FAE04EC0-301F-11D3-BF4B-00C04F79EFBC}") = "United-2_0", "United-2_0\United-2_0.csproj", "{3675D3B2-C6E6-45F1-8024-D5068010DDD4}"
EndProject
Global
	GlobalSection(SolutionConfigurationPlatforms) = preSolution
		Debug|Any CPU = Debug|Any CPU
		Release|Any CPU = Release|Any CPU
	EndGlobalSection
	GlobalSection(ProjectConfigurationPlatforms) = postSolution
		{3675D3B2-C6E6-45F1-8024-D5068010DDD4}.Debug|Any CPU.ActiveCfg = Debug|Any CPU
		{3675D3B2-C6E6-45F1-8024-D5068010DDD4}.Debug|Any CPU.Build.0 = Debug|Any CPU
		{3675D3B2-C6E6-45F1-8024-D5068010DDD4}.Release|Any CPU.ActiveCfg = Release|Any CPU
		{3675D3B2-C6E6-45F1-8024-D5068010DDD4}.Release|Any CPU.Build.0 = Release|Any CPU
	EndGlobalSection
	GlobalSection(MonoDevelopProperties) = preSolution
		StartupItem = United-2_0\United-2_0.csproj
	EndGlobalSection
EndGlobal
